
Microsoft Visual Studio Solution File, Format Version 12.00
# Visual Studio Version 17
VisualStudioVersion = 17.6.33723.286
MinimumVisualStudioVersion = 10.0.40219.1
Project("{9A19103F-16F7-4668-BE54-9A1E7A4F7556}") = "AzFnBlobTrigger", "AzFnBlobTrigger\AzFnBlobTrigger.csproj", "{4EE4C3A3-6D47-428E-872C-8B5FFE44F1C8}"
EndProject
Project("{2150E333-8FDC-42A3-9474-1A3956D46DE8}") = "Solution Items", "Solution Items", "{A9AED450-2E50-495A-A258-438A797A4CF8}"
	ProjectSection(SolutionItems) = preProject
		assignment.md = assignment.md
		readme.md = readme.md
		..\USe.txt = ..\USe.txt
	EndProjectSection
EndProject
Project("{FAE04EC0-301F-11D3-BF4B-00C04F79EFBC}") = "AzFnHttpService", "AzFnHttpService\AzFnHttpService.csproj", "{43969C72-0B4E-4F77-A629-2F410A34A93B}"
EndProject
Global
	GlobalSection(SolutionConfigurationPlatforms) = preSolution
		Debug|Any CPU = Debug|Any CPU
		Release|Any CPU = Release|Any CPU
	EndGlobalSection
	GlobalSection(ProjectConfigurationPlatforms) = postSolution
		{4EE4C3A3-6D47-428E-872C-8B5FFE44F1C8}.Debug|Any CPU.ActiveCfg = Debug|Any CPU
		{4EE4C3A3-6D47-428E-872C-8B5FFE44F1C8}.Debug|Any CPU.Build.0 = Debug|Any CPU
		{4EE4C3A3-6D47-428E-872C-8B5FFE44F1C8}.Release|Any CPU.ActiveCfg = Release|Any CPU
		{4EE4C3A3-6D47-428E-872C-8B5FFE44F1C8}.Release|Any CPU.Build.0 = Release|Any CPU
		{43969C72-0B4E-4F77-A629-2F410A34A93B}.Debug|Any CPU.ActiveCfg = Debug|Any CPU
		{43969C72-0B4E-4F77-A629-2F410A34A93B}.Debug|Any CPU.Build.0 = Debug|Any CPU
		{43969C72-0B4E-4F77-A629-2F410A34A93B}.Release|Any CPU.ActiveCfg = Release|Any CPU
		{43969C72-0B4E-4F77-A629-2F410A34A93B}.Release|Any CPU.Build.0 = Release|Any CPU
	EndGlobalSection
	GlobalSection(SolutionProperties) = preSolution
		HideSolutionNode = FALSE
	EndGlobalSection
	GlobalSection(ExtensibilityGlobals) = postSolution
		SolutionGuid = {31E9093A-CB90-4AC8-96B1-9D52CAB074B1}
	EndGlobalSection
EndGlobal
